
Microsoft Visual Studio Solution File, Format Version 12.00
# Visual Studio Version 16
VisualStudioVersion = 16.0.30204.135
MinimumVisualStudioVersion = 10.0.40219.1
Project("{9A19103F-16F7-4668-BE54-9A1E7A4F7556}") = "DataIngestionApi", "DataIngestionApi\DataIngestionApi.csproj", "{56B552CD-0623-41B2-B7BC-8AA28EBA7461}"
EndProject
Project("{2150E333-8FDC-42A3-9474-1A3956D46DE8}") = "Logic", "Logic", "{07936782-7E0B-4594-AF5B-9C6A984C3698}"
EndProject
Project("{9A19103F-16F7-4668-BE54-9A1E7A4F7556}") = "DataIngestionServiceLogic", "DataIngestionServiceLogic\DataIngestionServiceLogic.csproj", "{AAD9734D-D13A-476D-86A8-CF9DB3268EC8}"
EndProject
Project("{FAE04EC0-301F-11D3-BF4B-00C04F79EFBC}") = "DataIngestionContracts", "DataIngestionContracts\DataIngestionContracts.csproj", "{CE044FCA-D739-4D57-8004-9696320F8FE1}"
EndProject
Global
	GlobalSection(SolutionConfigurationPlatforms) = preSolution
		Debug|Any CPU = Debug|Any CPU
		Release|Any CPU = Release|Any CPU
	EndGlobalSection
	GlobalSection(ProjectConfigurationPlatforms) = postSolution
		{56B552CD-0623-41B2-B7BC-8AA28EBA7461}.Debug|Any CPU.ActiveCfg = Debug|Any CPU
		{56B552CD-0623-41B2-B7BC-8AA28EBA7461}.Debug|Any CPU.Build.0 = Debug|Any CPU
		{56B552CD-0623-41B2-B7BC-8AA28EBA7461}.Release|Any CPU.ActiveCfg = Release|Any CPU
		{56B552CD-0623-41B2-B7BC-8AA28EBA7461}.Release|Any CPU.Build.0 = Release|Any CPU
		{AAD9734D-D13A-476D-86A8-CF9DB3268EC8}.Debug|Any CPU.ActiveCfg = Debug|Any CPU
		{AAD9734D-D13A-476D-86A8-CF9DB3268EC8}.Debug|Any CPU.Build.0 = Debug|Any CPU
		{AAD9734D-D13A-476D-86A8-CF9DB3268EC8}.Release|Any CPU.ActiveCfg = Release|Any CPU
		{AAD9734D-D13A-476D-86A8-CF9DB3268EC8}.Release|Any CPU.Build.0 = Release|Any CPU
		{CE044FCA-D739-4D57-8004-9696320F8FE1}.Debug|Any CPU.ActiveCfg = Debug|Any CPU
		{CE044FCA-D739-4D57-8004-9696320F8FE1}.Debug|Any CPU.Build.0 = Debug|Any CPU
		{CE044FCA-D739-4D57-8004-9696320F8FE1}.Release|Any CPU.ActiveCfg = Release|Any CPU
		{CE044FCA-D739-4D57-8004-9696320F8FE1}.Release|Any CPU.Build.0 = Release|Any CPU
	EndGlobalSection
	GlobalSection(SolutionProperties) = preSolution
		HideSolutionNode = FALSE
	EndGlobalSection
	GlobalSection(NestedProjects) = preSolution
		{AAD9734D-D13A-476D-86A8-CF9DB3268EC8} = {07936782-7E0B-4594-AF5B-9C6A984C3698}
	EndGlobalSection
	GlobalSection(ExtensibilityGlobals) = postSolution
		SolutionGuid = {49A117D8-E64B-4C4A-8833-765B47D835CA}
	EndGlobalSection
EndGlobal
